
Microsoft Visual Studio Solution File, Format Version 12.00
# Visual Studio 15
VisualStudioVersion = 15.0.27703.2042
MinimumVisualStudioVersion = 10.0.40219.1
Project("{FAE04EC0-301F-11D3-BF4B-00C04F79EFBC}") = "CSharp", "CSharp\CSharp.csproj", "{A8F2FD87-8D2D-4B9A-8040-ED72335D5F92}"
EndProject
Global
	GlobalSection(SolutionConfigurationPlatforms) = preSolution
		Debug|Any CPU = Debug|Any CPU
		Release|Any CPU = Release|Any CPU
	EndGlobalSection
	GlobalSection(ProjectConfigurationPlatforms) = postSolution
		{A8F2FD87-8D2D-4B9A-8040-ED72335D5F92}.Debug|Any CPU.ActiveCfg = Debug|Any CPU
		{A8F2FD87-8D2D-4B9A-8040-ED72335D5F92}.Debug|Any CPU.Build.0 = Debug|Any CPU
		{A8F2FD87-8D2D-4B9A-8040-ED72335D5F92}.Release|Any CPU.ActiveCfg = Release|Any CPU
		{A8F2FD87-8D2D-4B9A-8040-ED72335D5F92}.Release|Any CPU.Build.0 = Release|Any CPU
	EndGlobalSection
	GlobalSection(SolutionProperties) = preSolution
		HideSolutionNode = FALSE
	EndGlobalSection
	GlobalSection(ExtensibilityGlobals) = postSolution
		SolutionGuid = {F445D84C-7D59-4FED-B7E2-7CFF343DC555}
	EndGlobalSection
EndGlobal
